
Microsoft Visual Studio Solution File, Format Version 12.00
# Visual Studio 15
VisualStudioVersion = 15.0.26403.3
MinimumVisualStudioVersion = 10.0.40219.1
Project("{FAE04EC0-301F-11D3-BF4B-00C04F79EFBC}") = "訂便當系統", "訂便當系統\訂便當系統.csproj", "{AD718475-1830-46C0-AE39-759ADEA36C74}"
EndProject
Global
	GlobalSection(SolutionConfigurationPlatforms) = preSolution
		Debug|Any CPU = Debug|Any CPU
		Release|Any CPU = Release|Any CPU
	EndGlobalSection
	GlobalSection(ProjectConfigurationPlatforms) = postSolution
		{AD718475-1830-46C0-AE39-759ADEA36C74}.Debug|Any CPU.ActiveCfg = Debug|Any CPU
		{AD718475-1830-46C0-AE39-759ADEA36C74}.Debug|Any CPU.Build.0 = Debug|Any CPU
		{AD718475-1830-46C0-AE39-759ADEA36C74}.Release|Any CPU.ActiveCfg = Release|Any CPU
		{AD718475-1830-46C0-AE39-759ADEA36C74}.Release|Any CPU.Build.0 = Release|Any CPU
	EndGlobalSection
	GlobalSection(SolutionProperties) = preSolution
		HideSolutionNode = FALSE
	EndGlobalSection
EndGlobal
